
Microsoft Visual Studio Solution File, Format Version 12.00
# Visual Studio Version 17
VisualStudioVersion = 17.3.32819.101
MinimumVisualStudioVersion = 10.0.40219.1
Project("{FAE04EC0-301F-11D3-BF4B-00C04F79EFBC}") = "DAFwebAPI", "DAFwebAPI.csproj", "{BFD44EC0-3E76-4FD0-8976-00A26E345E8D}"
EndProject
Global
	GlobalSection(SolutionConfigurationPlatforms) = preSolution
		Debug|Any CPU = Debug|Any CPU
		Release|Any CPU = Release|Any CPU
	EndGlobalSection
	GlobalSection(ProjectConfigurationPlatforms) = postSolution
		{BFD44EC0-3E76-4FD0-8976-00A26E345E8D}.Debug|Any CPU.ActiveCfg = Debug|Any CPU
		{BFD44EC0-3E76-4FD0-8976-00A26E345E8D}.Debug|Any CPU.Build.0 = Debug|Any CPU
		{BFD44EC0-3E76-4FD0-8976-00A26E345E8D}.Release|Any CPU.ActiveCfg = Release|Any CPU
		{BFD44EC0-3E76-4FD0-8976-00A26E345E8D}.Release|Any CPU.Build.0 = Release|Any CPU
	EndGlobalSection
	GlobalSection(SolutionProperties) = preSolution
		HideSolutionNode = FALSE
	EndGlobalSection
	GlobalSection(ExtensibilityGlobals) = postSolution
		SolutionGuid = {91ABA1BC-D242-4462-8FD5-61752E622FD9}
	EndGlobalSection
EndGlobal
